
Microsoft Visual Studio Solution File, Format Version 12.00
# Visual Studio Version 16
VisualStudioVersion = 16.0.31729.503
MinimumVisualStudioVersion = 10.0.40219.1
Project("{FAE04EC0-301F-11D3-BF4B-00C04F79EFBC}") = "ApiProduto", "ApiProduto\ApiProduto.csproj", "{A50A57CA-FB88-4354-B0C9-B13BD9AC7D4D}"
EndProject
Global
	GlobalSection(SolutionConfigurationPlatforms) = preSolution
		Debug|Any CPU = Debug|Any CPU
		Release|Any CPU = Release|Any CPU
	EndGlobalSection
	GlobalSection(ProjectConfigurationPlatforms) = postSolution
		{A50A57CA-FB88-4354-B0C9-B13BD9AC7D4D}.Debug|Any CPU.ActiveCfg = Debug|Any CPU
		{A50A57CA-FB88-4354-B0C9-B13BD9AC7D4D}.Debug|Any CPU.Build.0 = Debug|Any CPU
		{A50A57CA-FB88-4354-B0C9-B13BD9AC7D4D}.Release|Any CPU.ActiveCfg = Release|Any CPU
		{A50A57CA-FB88-4354-B0C9-B13BD9AC7D4D}.Release|Any CPU.Build.0 = Release|Any CPU
	EndGlobalSection
	GlobalSection(SolutionProperties) = preSolution
		HideSolutionNode = FALSE
	EndGlobalSection
	GlobalSection(ExtensibilityGlobals) = postSolution
		SolutionGuid = {B66E0CB8-89FF-44E5-9A17-F24C63252731}
	EndGlobalSection
EndGlobal
